<?xml version="1.0" encoding="UTF-8"?>
<CONFIG>
  <ProjectOptions>
    <Version Value="9"/>
    <PathDelim Value="\"/>
    <General>
      <SessionStorage Value="InProjectDir"/>
      <MainUnit Value="0"/>
      <Title Value="lpcw"/>
      <ResourceType Value="res"/>
      <UseXPManifest Value="True"/>
      <Icon Value="0"/>
    </General>
    <i18n>
      <EnableI18N LFM="False"/>
    </i18n>
    <VersionInfo>
      <StringTable ProductVersion=""/>
    </VersionInfo>
    <BuildModes Count="1">
      <Item1 Name="Default" Default="True"/>
    </BuildModes>
    <PublishOptions>
      <Version Value="2"/>
      <IncludeFileFilter Value="*.(pas|pp|inc|lfm|lpr|lrs|lpi|lpk|sh|xml)"/>
      <ExcludeFileFilter Value="*.(bak|ppu|o|so);*~;backup"/>
    </PublishOptions>
    <RunParams>
      <local>
        <FormatVersion Value="1"/>
      </local>
    </RunParams>
    <RequiredPackages Count="1">
      <Item1>
        <PackageName Value="LCL"/>
      </Item1>
    </RequiredPackages>
    <Units Count="17">
      <Unit0>
        <Filename Value="lpcw.lpr"/>
        <IsPartOfProject Value="True"/>
        <UnitName Value="lpcw"/>
      </Unit0>
      <Unit1>
        <Filename Value="main.pas"/>
        <IsPartOfProject Value="True"/>
        <ComponentName Value="MainFrm"/>
        <HasResources Value="True"/>
        <ResourceBaseClass Value="Form"/>
        <UnitName Value="Main"/>
      </Unit1>
      <Unit2>
        <Filename Value="cupersist.pas"/>
        <IsPartOfProject Value="True"/>
        <UnitName Value="cupersist"/>
      </Unit2>
      <Unit3>
        <Filename Value="expr.inc"/>
        <IsPartOfProject Value="True"/>
      </Unit3>
      <Unit4>
        <Filename Value="ast.pas"/>
        <IsPartOfProject Value="True"/>
        <UnitName Value="ast"/>
      </Unit4>
      <Unit5>
        <Filename Value="lex.pas"/>
        <IsPartOfProject Value="True"/>
        <UnitName Value="lex"/>
      </Unit5>
      <Unit6>
        <Filename Value="func.pas"/>
        <IsPartOfProject Value="True"/>
        <UnitName Value="func"/>
      </Unit6>
      <Unit7>
        <Filename Value="fileutils.pas"/>
        <IsPartOfProject Value="True"/>
        <UnitName Value="fileutils"/>
      </Unit7>
      <Unit8>
        <Filename Value="cntx.pas"/>
        <IsPartOfProject Value="True"/>
        <UnitName Value="cntx"/>
      </Unit8>
      <Unit9>
        <Filename Value="hashtable.pas"/>
        <IsPartOfProject Value="True"/>
        <UnitName Value="hashtable"/>
      </Unit9>
      <Unit10>
        <Filename Value="err.pas"/>
        <IsPartOfProject Value="True"/>
        <UnitName Value="err"/>
      </Unit10>
      <Unit11>
        <Filename Value="exprh.inc"/>
        <IsPartOfProject Value="True"/>
      </Unit11>
      <Unit12>
        <Filename Value="parser.pas"/>
        <IsPartOfProject Value="True"/>
        <UnitName Value="parser"/>
      </Unit12>
      <Unit13>
        <Filename Value="inst.pas"/>
        <IsPartOfProject Value="True"/>
        <UnitName Value="inst"/>
      </Unit13>
      <Unit14>
        <Filename Value="llvm_codegen.pas"/>
        <IsPartOfProject Value="True"/>
        <UnitName Value="llvm_codegen"/>
      </Unit14>
      <Unit15>
        <Filename Value="llvm_codepack.pas"/>
        <IsPartOfProject Value="True"/>
        <UnitName Value="llvm_codepack"/>
      </Unit15>
      <Unit16>
        <Filename Value="dump.pas"/>
        <IsPartOfProject Value="True"/>
        <UnitName Value="dump"/>
      </Unit16>
    </Units>
  </ProjectOptions>
  <CompilerOptions>
    <Version Value="11"/>
    <Target>
      <Filename Value="../release/lpcw"/>
    </Target>
    <SearchPaths>
      <IncludeFiles Value="$(ProjOutDir)"/>
      <UnitOutputDirectory Value="lib/$(TargetCPU)-$(TargetOS)"/>
    </SearchPaths>
    <Linking>
      <Debugging>
        <UseHeaptrc Value="True"/>
      </Debugging>
      <Options>
        <Win32>
          <GraphicApplication Value="True"/>
        </Win32>
      </Options>
    </Linking>
    <Other>
      <Verbosity>
        <ShowHints Value="False"/>
      </Verbosity>
      <CompilerMessages>
        <IgnoredMessages idx4022="True" idx5024="True"/>
        <MsgFileName Value=""/>
      </CompilerMessages>
      <CustomOptions Value="-Sa
-vq"/>
      <CompilerPath Value="$(CompPath)"/>
    </Other>
  </CompilerOptions>
  <Debugging>
    <Exceptions Count="3">
      <Item1>
        <Name Value="EAbort"/>
      </Item1>
      <Item2>
        <Name Value="ECodetoolError"/>
      </Item2>
      <Item3>
        <Name Value="EFOpenError"/>
      </Item3>
    </Exceptions>
  </Debugging>
</CONFIG>
